
Microsoft Visual Studio Solution File, Format Version 12.00
# Visual Studio Version 17
VisualStudioVersion = 17.11.35222.181
MinimumVisualStudioVersion = 10.0.40219.1
Project("{FAE04EC0-301F-11D3-BF4B-00C04F79EFBC}") = "EmployeeTaro", "EmployeeTaro.csproj", "{4041E4C6-5079-41CB-AA21-92849D7BB274}"
EndProject
Global
	GlobalSection(SolutionConfigurationPlatforms) = preSolution
		Debug|Any CPU = Debug|Any CPU
		Release|Any CPU = Release|Any CPU
	EndGlobalSection
	GlobalSection(ProjectConfigurationPlatforms) = postSolution
		{4041E4C6-5079-41CB-AA21-92849D7BB274}.Debug|Any CPU.ActiveCfg = Debug|Any CPU
		{4041E4C6-5079-41CB-AA21-92849D7BB274}.Debug|Any CPU.Build.0 = Debug|Any CPU
		{4041E4C6-5079-41CB-AA21-92849D7BB274}.Release|Any CPU.ActiveCfg = Release|Any CPU
		{4041E4C6-5079-41CB-AA21-92849D7BB274}.Release|Any CPU.Build.0 = Release|Any CPU
	EndGlobalSection
	GlobalSection(SolutionProperties) = preSolution
		HideSolutionNode = FALSE
	EndGlobalSection
	GlobalSection(ExtensibilityGlobals) = postSolution
		SolutionGuid = {F30BF5B2-05A1-455C-BDB9-79B52C8D3353}
	EndGlobalSection
EndGlobal
