
Microsoft Visual Studio Solution File, Format Version 12.00
# Visual Studio Version 17
VisualStudioVersion = 17.11.35222.181
MinimumVisualStudioVersion = 10.0.40219.1
Project("{FAE04EC0-301F-11D3-BF4B-00C04F79EFBC}") = "TaroEmployee", "TaroEmployee.csproj", "{CC480304-30B6-43AF-A74E-85FAF8B9867B}"
EndProject
Global
	GlobalSection(SolutionConfigurationPlatforms) = preSolution
		Debug|Any CPU = Debug|Any CPU
		Release|Any CPU = Release|Any CPU
	EndGlobalSection
	GlobalSection(ProjectConfigurationPlatforms) = postSolution
		{CC480304-30B6-43AF-A74E-85FAF8B9867B}.Debug|Any CPU.ActiveCfg = Debug|Any CPU
		{CC480304-30B6-43AF-A74E-85FAF8B9867B}.Debug|Any CPU.Build.0 = Debug|Any CPU
		{CC480304-30B6-43AF-A74E-85FAF8B9867B}.Release|Any CPU.ActiveCfg = Release|Any CPU
		{CC480304-30B6-43AF-A74E-85FAF8B9867B}.Release|Any CPU.Build.0 = Release|Any CPU
	EndGlobalSection
	GlobalSection(SolutionProperties) = preSolution
		HideSolutionNode = FALSE
	EndGlobalSection
	GlobalSection(ExtensibilityGlobals) = postSolution
		SolutionGuid = {C50D5E29-AA6A-4D3B-804E-B2B15D64F3D8}
	EndGlobalSection
EndGlobal
